
Microsoft Visual Studio Solution File, Format Version 12.00
# Visual Studio Version 16
VisualStudioVersion = 16.0.30717.126
MinimumVisualStudioVersion = 10.0.40219.1
Project("{FAE04EC0-301F-11D3-BF4B-00C04F79EFBC}") = "VacationCalculator", "VacationCalculator\VacationCalculator.csproj", "{CD167193-9698-4D2F-94E2-45B628895024}"
EndProject
Project("{FAE04EC0-301F-11D3-BF4B-00C04F79EFBC}") = "VacationCalculator.Test", "VacationCalculator.Test\VacationCalculator.Test.csproj", "{6C75B067-47F1-43F7-AD03-F5746CEDB74A}"
EndProject
Global
	GlobalSection(SolutionConfigurationPlatforms) = preSolution
		Debug|Any CPU = Debug|Any CPU
		Release|Any CPU = Release|Any CPU
	EndGlobalSection
	GlobalSection(ProjectConfigurationPlatforms) = postSolution
		{CD167193-9698-4D2F-94E2-45B628895024}.Debug|Any CPU.ActiveCfg = Debug|Any CPU
		{CD167193-9698-4D2F-94E2-45B628895024}.Debug|Any CPU.Build.0 = Debug|Any CPU
		{CD167193-9698-4D2F-94E2-45B628895024}.Release|Any CPU.ActiveCfg = Release|Any CPU
		{CD167193-9698-4D2F-94E2-45B628895024}.Release|Any CPU.Build.0 = Release|Any CPU
		{6C75B067-47F1-43F7-AD03-F5746CEDB74A}.Debug|Any CPU.ActiveCfg = Debug|Any CPU
		{6C75B067-47F1-43F7-AD03-F5746CEDB74A}.Debug|Any CPU.Build.0 = Debug|Any CPU
		{6C75B067-47F1-43F7-AD03-F5746CEDB74A}.Release|Any CPU.ActiveCfg = Release|Any CPU
		{6C75B067-47F1-43F7-AD03-F5746CEDB74A}.Release|Any CPU.Build.0 = Release|Any CPU
	EndGlobalSection
	GlobalSection(SolutionProperties) = preSolution
		HideSolutionNode = FALSE
	EndGlobalSection
	GlobalSection(ExtensibilityGlobals) = postSolution
		SolutionGuid = {9814EDA1-8CA5-4B96-A0C0-73BC9A6A0492}
	EndGlobalSection
EndGlobal
